
Microsoft Visual Studio Solution File, Format Version 12.00
# Visual Studio Version 16
VisualStudioVersion = 16.0.30621.155
MinimumVisualStudioVersion = 10.0.40219.1
Project("{FAE04EC0-301F-11D3-BF4B-00C04F79EFBC}") = "CRUD.MVC.WebApp", "CRUD.MVC.WebApp.csproj", "{D14679D2-DCC3-4D90-B723-DDD70B86E361}"
EndProject
Global
	GlobalSection(SolutionConfigurationPlatforms) = preSolution
		Debug|Any CPU = Debug|Any CPU
		Release|Any CPU = Release|Any CPU
	EndGlobalSection
	GlobalSection(ProjectConfigurationPlatforms) = postSolution
		{D14679D2-DCC3-4D90-B723-DDD70B86E361}.Debug|Any CPU.ActiveCfg = Debug|Any CPU
		{D14679D2-DCC3-4D90-B723-DDD70B86E361}.Debug|Any CPU.Build.0 = Debug|Any CPU
		{D14679D2-DCC3-4D90-B723-DDD70B86E361}.Release|Any CPU.ActiveCfg = Release|Any CPU
		{D14679D2-DCC3-4D90-B723-DDD70B86E361}.Release|Any CPU.Build.0 = Release|Any CPU
	EndGlobalSection
	GlobalSection(SolutionProperties) = preSolution
		HideSolutionNode = FALSE
	EndGlobalSection
	GlobalSection(ExtensibilityGlobals) = postSolution
		SolutionGuid = {54D17CE6-622C-48AF-868A-EE5ABA3D154C}
	EndGlobalSection
EndGlobal
